
Microsoft Visual Studio Solution File, Format Version 12.00
# Visual Studio 14
VisualStudioVersion = 14.0.25420.1
MinimumVisualStudioVersion = 10.0.40219.1
Project("{8BC9CEB8-8B4A-11D0-8D11-00A0C91BC942}") = "Peinject_dll", "Peinject_dll\Peinject_dll.vcxproj", "{4A3FD95A-9CA0-403D-A83A-2EE0483CD21A}"
EndProject
Project("{8BC9CEB8-8B4A-11D0-8D11-00A0C91BC942}") = "shellcode调试", "shellcode调试\shellcode调试.vcxproj", "{142FB2D5-E2DD-4527-9CE1-83145CB397D9}"
EndProject
Project("{8BC9CEB8-8B4A-11D0-8D11-00A0C91BC942}") = "peinject", "peinject\peinject.vcxproj", "{4A229E1C-F9AE-4B49-B192-62F885A7017C}"
EndProject
Project("{8BC9CEB8-8B4A-11D0-8D11-00A0C91BC942}") = "shellexecute", "shellexecute\shellexecute.vcxproj", "{3BBE2A51-4CD2-4534-9F74-249A64A87545}"
EndProject
Global
	GlobalSection(SolutionConfigurationPlatforms) = preSolution
		Debug|x64 = Debug|x64
		Debug|x86 = Debug|x86
		Release|x64 = Release|x64
		Release|x86 = Release|x86
	EndGlobalSection
	GlobalSection(ProjectConfigurationPlatforms) = postSolution
		{4A3FD95A-9CA0-403D-A83A-2EE0483CD21A}.Debug|x64.ActiveCfg = Debug|x64
		{4A3FD95A-9CA0-403D-A83A-2EE0483CD21A}.Debug|x64.Build.0 = Debug|x64
		{4A3FD95A-9CA0-403D-A83A-2EE0483CD21A}.Debug|x86.ActiveCfg = Debug|Win32
		{4A3FD95A-9CA0-403D-A83A-2EE0483CD21A}.Debug|x86.Build.0 = Debug|Win32
		{4A3FD95A-9CA0-403D-A83A-2EE0483CD21A}.Release|x64.ActiveCfg = Release|x64
		{4A3FD95A-9CA0-403D-A83A-2EE0483CD21A}.Release|x64.Build.0 = Release|x64
		{4A3FD95A-9CA0-403D-A83A-2EE0483CD21A}.Release|x86.ActiveCfg = Release|Win32
		{4A3FD95A-9CA0-403D-A83A-2EE0483CD21A}.Release|x86.Build.0 = Release|Win32
		{142FB2D5-E2DD-4527-9CE1-83145CB397D9}.Debug|x64.ActiveCfg = Debug|x64
		{142FB2D5-E2DD-4527-9CE1-83145CB397D9}.Debug|x64.Build.0 = Debug|x64
		{142FB2D5-E2DD-4527-9CE1-83145CB397D9}.Debug|x86.ActiveCfg = Debug|Win32
		{142FB2D5-E2DD-4527-9CE1-83145CB397D9}.Debug|x86.Build.0 = Debug|Win32
		{142FB2D5-E2DD-4527-9CE1-83145CB397D9}.Release|x64.ActiveCfg = Release|x64
		{142FB2D5-E2DD-4527-9CE1-83145CB397D9}.Release|x64.Build.0 = Release|x64
		{142FB2D5-E2DD-4527-9CE1-83145CB397D9}.Release|x86.ActiveCfg = Release|Win32
		{142FB2D5-E2DD-4527-9CE1-83145CB397D9}.Release|x86.Build.0 = Release|Win32
		{4A229E1C-F9AE-4B49-B192-62F885A7017C}.Debug|x64.ActiveCfg = Debug|x64
		{4A229E1C-F9AE-4B49-B192-62F885A7017C}.Debug|x64.Build.0 = Debug|x64
		{4A229E1C-F9AE-4B49-B192-62F885A7017C}.Debug|x86.ActiveCfg = Debug|Win32
		{4A229E1C-F9AE-4B49-B192-62F885A7017C}.Debug|x86.Build.0 = Debug|Win32
		{4A229E1C-F9AE-4B49-B192-62F885A7017C}.Release|x64.ActiveCfg = Release|x64
		{4A229E1C-F9AE-4B49-B192-62F885A7017C}.Release|x64.Build.0 = Release|x64
		{4A229E1C-F9AE-4B49-B192-62F885A7017C}.Release|x86.ActiveCfg = Release|Win32
		{4A229E1C-F9AE-4B49-B192-62F885A7017C}.Release|x86.Build.0 = Release|Win32
		{3BBE2A51-4CD2-4534-9F74-249A64A87545}.Debug|x64.ActiveCfg = Debug|x64
		{3BBE2A51-4CD2-4534-9F74-249A64A87545}.Debug|x64.Build.0 = Debug|x64
		{3BBE2A51-4CD2-4534-9F74-249A64A87545}.Debug|x86.ActiveCfg = Debug|Win32
		{3BBE2A51-4CD2-4534-9F74-249A64A87545}.Debug|x86.Build.0 = Debug|Win32
		{3BBE2A51-4CD2-4534-9F74-249A64A87545}.Release|x64.ActiveCfg = Release|x64
		{3BBE2A51-4CD2-4534-9F74-249A64A87545}.Release|x64.Build.0 = Release|x64
		{3BBE2A51-4CD2-4534-9F74-249A64A87545}.Release|x86.ActiveCfg = Release|Win32
		{3BBE2A51-4CD2-4534-9F74-249A64A87545}.Release|x86.Build.0 = Release|Win32
	EndGlobalSection
	GlobalSection(SolutionProperties) = preSolution
		HideSolutionNode = FALSE
	EndGlobalSection
EndGlobal
